
Microsoft Visual Studio Solution File, Format Version 12.00
# Visual Studio 15
VisualStudioVersion = 15.0.26730.16
MinimumVisualStudioVersion = 10.0.40219.1
Project("{FAE04EC0-301F-11D3-BF4B-00C04F79EFBC}") = "Crimscent.SequentialGuid", "Crimscent.SequentialGuid\Crimscent.SequentialGuid.csproj", "{1C0500DF-5CEC-4CA7-85F8-B123A9B3F70D}"
EndProject
Global
	GlobalSection(SolutionConfigurationPlatforms) = preSolution
		Debug|Any CPU = Debug|Any CPU
		Release|Any CPU = Release|Any CPU
	EndGlobalSection
	GlobalSection(ProjectConfigurationPlatforms) = postSolution
		{1C0500DF-5CEC-4CA7-85F8-B123A9B3F70D}.Debug|Any CPU.ActiveCfg = Debug|Any CPU
		{1C0500DF-5CEC-4CA7-85F8-B123A9B3F70D}.Debug|Any CPU.Build.0 = Debug|Any CPU
		{1C0500DF-5CEC-4CA7-85F8-B123A9B3F70D}.Release|Any CPU.ActiveCfg = Release|Any CPU
		{1C0500DF-5CEC-4CA7-85F8-B123A9B3F70D}.Release|Any CPU.Build.0 = Release|Any CPU
	EndGlobalSection
	GlobalSection(SolutionProperties) = preSolution
		HideSolutionNode = FALSE
	EndGlobalSection
	GlobalSection(ExtensibilityGlobals) = postSolution
		SolutionGuid = {18FCC09F-8BAE-4745-B8DE-95D0F33DEA5E}
	EndGlobalSection
EndGlobal
